
Microsoft Visual Studio Solution File, Format Version 12.00
# Visual Studio Version 17
VisualStudioVersion = 17.4.32916.344
MinimumVisualStudioVersion = 10.0.40219.1
Project("{2150E333-8FDC-42A3-9474-1A3956D46DE8}") = "src", "src", "{E4A2590F-22B7-427F-B917-85EEDB77BF56}"
EndProject
Project("{9A19103F-16F7-4668-BE54-9A1E7A4F7556}") = "OverEngineeredToDoList.Api", "src\OverEngineeredToDoList.Api\OverEngineeredToDoList.Api.csproj", "{4D8BE170-15D9-4179-A23E-06761CC82122}"
EndProject
Project("{9A19103F-16F7-4668-BE54-9A1E7A4F7556}") = "OverEngineeredToDoList.Infrastructure", "src\OverEngineeredToDoList.Infrastructure\OverEngineeredToDoList.Infrastructure.csproj", "{AA08AA3A-9C50-4181-99E9-7034CBE6F548}"
EndProject
Project("{9A19103F-16F7-4668-BE54-9A1E7A4F7556}") = "OverEngineeredToDoList.Domain", "src\OverEngineeredToDoList.Domain\OverEngineeredToDoList.Domain.csproj", "{3E16F131-2F99-4409-9FC6-683024634030}"
EndProject
Project("{9A19103F-16F7-4668-BE54-9A1E7A4F7556}") = "OverEngineeredToDoList.Application", "src\OverEngineeredToDoList.Application\OverEngineeredToDoList.Application.csproj", "{5B21A4C1-A91A-4E87-8F5B-25EFED42AACF}"
EndProject
Global
	GlobalSection(SolutionConfigurationPlatforms) = preSolution
		Debug|Any CPU = Debug|Any CPU
		Release|Any CPU = Release|Any CPU
	EndGlobalSection
	GlobalSection(ProjectConfigurationPlatforms) = postSolution
		{4D8BE170-15D9-4179-A23E-06761CC82122}.Debug|Any CPU.ActiveCfg = Debug|Any CPU
		{4D8BE170-15D9-4179-A23E-06761CC82122}.Debug|Any CPU.Build.0 = Debug|Any CPU
		{4D8BE170-15D9-4179-A23E-06761CC82122}.Release|Any CPU.ActiveCfg = Release|Any CPU
		{4D8BE170-15D9-4179-A23E-06761CC82122}.Release|Any CPU.Build.0 = Release|Any CPU
		{AA08AA3A-9C50-4181-99E9-7034CBE6F548}.Debug|Any CPU.ActiveCfg = Debug|Any CPU
		{AA08AA3A-9C50-4181-99E9-7034CBE6F548}.Debug|Any CPU.Build.0 = Debug|Any CPU
		{AA08AA3A-9C50-4181-99E9-7034CBE6F548}.Release|Any CPU.ActiveCfg = Release|Any CPU
		{AA08AA3A-9C50-4181-99E9-7034CBE6F548}.Release|Any CPU.Build.0 = Release|Any CPU
		{3E16F131-2F99-4409-9FC6-683024634030}.Debug|Any CPU.ActiveCfg = Debug|Any CPU
		{3E16F131-2F99-4409-9FC6-683024634030}.Debug|Any CPU.Build.0 = Debug|Any CPU
		{3E16F131-2F99-4409-9FC6-683024634030}.Release|Any CPU.ActiveCfg = Release|Any CPU
		{3E16F131-2F99-4409-9FC6-683024634030}.Release|Any CPU.Build.0 = Release|Any CPU
		{5B21A4C1-A91A-4E87-8F5B-25EFED42AACF}.Debug|Any CPU.ActiveCfg = Debug|Any CPU
		{5B21A4C1-A91A-4E87-8F5B-25EFED42AACF}.Debug|Any CPU.Build.0 = Debug|Any CPU
		{5B21A4C1-A91A-4E87-8F5B-25EFED42AACF}.Release|Any CPU.ActiveCfg = Release|Any CPU
		{5B21A4C1-A91A-4E87-8F5B-25EFED42AACF}.Release|Any CPU.Build.0 = Release|Any CPU
	EndGlobalSection
	GlobalSection(SolutionProperties) = preSolution
		HideSolutionNode = FALSE
	EndGlobalSection
	GlobalSection(NestedProjects) = preSolution
		{4D8BE170-15D9-4179-A23E-06761CC82122} = {E4A2590F-22B7-427F-B917-85EEDB77BF56}
		{AA08AA3A-9C50-4181-99E9-7034CBE6F548} = {E4A2590F-22B7-427F-B917-85EEDB77BF56}
		{3E16F131-2F99-4409-9FC6-683024634030} = {E4A2590F-22B7-427F-B917-85EEDB77BF56}
		{5B21A4C1-A91A-4E87-8F5B-25EFED42AACF} = {E4A2590F-22B7-427F-B917-85EEDB77BF56}
	EndGlobalSection
	GlobalSection(ExtensibilityGlobals) = postSolution
		SolutionGuid = {7BA72AF8-F3FC-4F23-A7E7-BFF1F51BDF78}
	EndGlobalSection
EndGlobal
